
Microsoft Visual Studio Solution File, Format Version 12.00
# Visual Studio Version 16
VisualStudioVersion = 16.0.30611.23
MinimumVisualStudioVersion = 10.0.40219.1
Project("{D954291E-2A0B-460D-934E-DC6B0785DB48}") = "Core", "Core\Core.shproj", "{8B5650C0-57C0-4786-BD5F-0A6634EEC68A}"
EndProject
Project("{9A19103F-16F7-4668-BE54-9A1E7A4F7556}") = "First", "1\First.csproj", "{C28FE66D-EF77-4333-808F-956A747461A6}"
EndProject
Project("{9A19103F-16F7-4668-BE54-9A1E7A4F7556}") = "Variable", "Variable\Variable.csproj", "{2F48D744-58F8-4EAB-A32D-F2A48C37493E}"
EndProject
Project("{9A19103F-16F7-4668-BE54-9A1E7A4F7556}") = "LogicCrypt", "LogicCrypt\LogicCrypt.csproj", "{49AFB1F3-C62E-464C-820A-F19377A861C6}"
EndProject
Project("{9A19103F-16F7-4668-BE54-9A1E7A4F7556}") = "moreLogic", "moreLogic\moreLogic.csproj", "{A96573F0-352B-4745-BB5F-410369E4B1B4}"
EndProject
Project("{9A19103F-16F7-4668-BE54-9A1E7A4F7556}") = "ifelsecase", "ifelsecase\ifelsecase.csproj", "{F0E0F0BB-933D-4CB8-B49A-898E6E809FAB}"
EndProject
Project("{9A19103F-16F7-4668-BE54-9A1E7A4F7556}") = "Cikl", "Cikl\Cikl.csproj", "{F81941C9-517A-49CB-BF45-7D0138D46795}"
EndProject
Project("{9A19103F-16F7-4668-BE54-9A1E7A4F7556}") = "Massive", "Massive\Massive.csproj", "{DF954148-DB47-453D-AAB3-4E1536E5EC85}"
EndProject
Project("{9A19103F-16F7-4668-BE54-9A1E7A4F7556}") = "MassTest", "MassTest\MassTest.csproj", "{4486DD89-980D-4FA6-890B-6582C120929C}"
EndProject
Project("{9A19103F-16F7-4668-BE54-9A1E7A4F7556}") = "Methods", "Methods\Methods.csproj", "{A24A7601-63DF-4957-A09F-FF4F183F722F}"
EndProject
Project("{9A19103F-16F7-4668-BE54-9A1E7A4F7556}") = "Params", "Params\Params.csproj", "{7F0125EF-3EAF-4524-9781-87E7F0A46CCE}"
EndProject
Project("{9A19103F-16F7-4668-BE54-9A1E7A4F7556}") = "Recursion", "Recursion\Recursion.csproj", "{06002DB2-362B-4D7E-AD6C-30EE94C26BB1}"
EndProject
Project("{9A19103F-16F7-4668-BE54-9A1E7A4F7556}") = "PerechisleniyaEnum", "PerechisleniyaEnum\PerechisleniyaEnum.csproj", "{4EC5B5E6-3A73-41DF-828B-9B0D989E270F}"
EndProject
Project("{9A19103F-16F7-4668-BE54-9A1E7A4F7556}") = "Korteji", "Korteji\Korteji.csproj", "{752DA822-322E-45BC-828A-1DA6E940EE01}"
EndProject
Project("{9A19103F-16F7-4668-BE54-9A1E7A4F7556}") = "Clases", "Clases\Clases.csproj", "{2DD9B2C6-322F-4433-8C63-4F01D43F845A}"
EndProject
Project("{9A19103F-16F7-4668-BE54-9A1E7A4F7556}") = "Structur", "Structur\Structur.csproj", "{43A9DAED-AED1-4A45-9439-C2E91BC06401}"
EndProject
Project("{9A19103F-16F7-4668-BE54-9A1E7A4F7556}") = "StekKycha", "StekKycha\StekKycha.csproj", "{2507C689-0421-4E75-B978-F5ECAE5A858C}"
EndProject
Project("{9A19103F-16F7-4668-BE54-9A1E7A4F7556}") = "MyLib", "MyLib\MyLib.csproj", "{3A448921-636F-42F0-BC15-98E8E499DD85}"
EndProject
Project("{9A19103F-16F7-4668-BE54-9A1E7A4F7556}") = "ModificatoriDostupa", "ModificatoriDostupa\ModificatoriDostupa.csproj", "{F242464A-546A-42F2-81EA-D216A6723355}"
EndProject
Project("{9A19103F-16F7-4668-BE54-9A1E7A4F7556}") = "Svoistva", "Svoistva\Svoistva.csproj", "{6A6842C0-12FE-4DBA-BC66-601083C67B5E}"
EndProject
Project("{9A19103F-16F7-4668-BE54-9A1E7A4F7556}") = "Static", "Static\Static.csproj", "{5B71F040-0CB7-40C4-83C4-5D2D5E2AD4F5}"
EndProject
Project("{9A19103F-16F7-4668-BE54-9A1E7A4F7556}") = "ConstReadOnly", "ConstReadOnly\ConstReadOnly.csproj", "{F9FE5E81-53CF-4328-A802-FAD03FB4C467}"
EndProject
Project("{9A19103F-16F7-4668-BE54-9A1E7A4F7556}") = "OperatorReload", "OperatorReload\OperatorReload.csproj", "{C2512D56-7373-42E2-9E6A-B261B0E538CA}"
EndProject
Project("{FAE04EC0-301F-11D3-BF4B-00C04F79EFBC}") = "Null", "Null\Null.csproj", "{E85F1D4E-C348-4082-ACD2-C092526AFF14}"
EndProject
Project("{FAE04EC0-301F-11D3-BF4B-00C04F79EFBC}") = "Indeksatori", "Indeksatori\Indeksatori.csproj", "{5E675C3C-F758-440E-BA0D-DF17AADF78B6}"
EndProject
Project("{FAE04EC0-301F-11D3-BF4B-00C04F79EFBC}") = "Nasledovanie", "Nasledovanie\Nasledovanie.csproj", "{347C0246-74EB-4C67-B422-5906C208F828}"
EndProject
Project("{FAE04EC0-301F-11D3-BF4B-00C04F79EFBC}") = "VoshodyashieNizhodyshiePreobrazovania", "VoshodyashieNizhodyshiePreobrazovania\VoshodyashieNizhodyshiePreobrazovania.csproj", "{4638D98A-F0BF-46CC-A7F6-C3A895478C3D}"
EndProject
Global
	GlobalSection(SharedMSBuildProjectFiles) = preSolution
		Core\Core.projitems*{8b5650c0-57c0-4786-bd5f-0a6634eec68a}*SharedItemsImports = 13
	EndGlobalSection
	GlobalSection(SolutionConfigurationPlatforms) = preSolution
		Debug|Any CPU = Debug|Any CPU
		Release|Any CPU = Release|Any CPU
	EndGlobalSection
	GlobalSection(ProjectConfigurationPlatforms) = postSolution
		{C28FE66D-EF77-4333-808F-956A747461A6}.Debug|Any CPU.ActiveCfg = Debug|Any CPU
		{C28FE66D-EF77-4333-808F-956A747461A6}.Debug|Any CPU.Build.0 = Debug|Any CPU
		{C28FE66D-EF77-4333-808F-956A747461A6}.Release|Any CPU.ActiveCfg = Release|Any CPU
		{C28FE66D-EF77-4333-808F-956A747461A6}.Release|Any CPU.Build.0 = Release|Any CPU
		{2F48D744-58F8-4EAB-A32D-F2A48C37493E}.Debug|Any CPU.ActiveCfg = Debug|Any CPU
		{2F48D744-58F8-4EAB-A32D-F2A48C37493E}.Debug|Any CPU.Build.0 = Debug|Any CPU
		{2F48D744-58F8-4EAB-A32D-F2A48C37493E}.Release|Any CPU.ActiveCfg = Release|Any CPU
		{2F48D744-58F8-4EAB-A32D-F2A48C37493E}.Release|Any CPU.Build.0 = Release|Any CPU
		{49AFB1F3-C62E-464C-820A-F19377A861C6}.Debug|Any CPU.ActiveCfg = Debug|Any CPU
		{49AFB1F3-C62E-464C-820A-F19377A861C6}.Debug|Any CPU.Build.0 = Debug|Any CPU
		{49AFB1F3-C62E-464C-820A-F19377A861C6}.Release|Any CPU.ActiveCfg = Release|Any CPU
		{49AFB1F3-C62E-464C-820A-F19377A861C6}.Release|Any CPU.Build.0 = Release|Any CPU
		{A96573F0-352B-4745-BB5F-410369E4B1B4}.Debug|Any CPU.ActiveCfg = Debug|Any CPU
		{A96573F0-352B-4745-BB5F-410369E4B1B4}.Debug|Any CPU.Build.0 = Debug|Any CPU
		{A96573F0-352B-4745-BB5F-410369E4B1B4}.Release|Any CPU.ActiveCfg = Release|Any CPU
		{A96573F0-352B-4745-BB5F-410369E4B1B4}.Release|Any CPU.Build.0 = Release|Any CPU
		{F0E0F0BB-933D-4CB8-B49A-898E6E809FAB}.Debug|Any CPU.ActiveCfg = Debug|Any CPU
		{F0E0F0BB-933D-4CB8-B49A-898E6E809FAB}.Debug|Any CPU.Build.0 = Debug|Any CPU
		{F0E0F0BB-933D-4CB8-B49A-898E6E809FAB}.Release|Any CPU.ActiveCfg = Release|Any CPU
		{F0E0F0BB-933D-4CB8-B49A-898E6E809FAB}.Release|Any CPU.Build.0 = Release|Any CPU
		{F81941C9-517A-49CB-BF45-7D0138D46795}.Debug|Any CPU.ActiveCfg = Debug|Any CPU
		{F81941C9-517A-49CB-BF45-7D0138D46795}.Debug|Any CPU.Build.0 = Debug|Any CPU
		{F81941C9-517A-49CB-BF45-7D0138D46795}.Release|Any CPU.ActiveCfg = Release|Any CPU
		{F81941C9-517A-49CB-BF45-7D0138D46795}.Release|Any CPU.Build.0 = Release|Any CPU
		{DF954148-DB47-453D-AAB3-4E1536E5EC85}.Debug|Any CPU.ActiveCfg = Debug|Any CPU
		{DF954148-DB47-453D-AAB3-4E1536E5EC85}.Debug|Any CPU.Build.0 = Debug|Any CPU
		{DF954148-DB47-453D-AAB3-4E1536E5EC85}.Release|Any CPU.ActiveCfg = Release|Any CPU
		{DF954148-DB47-453D-AAB3-4E1536E5EC85}.Release|Any CPU.Build.0 = Release|Any CPU
		{4486DD89-980D-4FA6-890B-6582C120929C}.Debug|Any CPU.ActiveCfg = Debug|Any CPU
		{4486DD89-980D-4FA6-890B-6582C120929C}.Debug|Any CPU.Build.0 = Debug|Any CPU
		{4486DD89-980D-4FA6-890B-6582C120929C}.Release|Any CPU.ActiveCfg = Release|Any CPU
		{4486DD89-980D-4FA6-890B-6582C120929C}.Release|Any CPU.Build.0 = Release|Any CPU
		{A24A7601-63DF-4957-A09F-FF4F183F722F}.Debug|Any CPU.ActiveCfg = Debug|Any CPU
		{A24A7601-63DF-4957-A09F-FF4F183F722F}.Debug|Any CPU.Build.0 = Debug|Any CPU
		{A24A7601-63DF-4957-A09F-FF4F183F722F}.Release|Any CPU.ActiveCfg = Release|Any CPU
		{A24A7601-63DF-4957-A09F-FF4F183F722F}.Release|Any CPU.Build.0 = Release|Any CPU
		{7F0125EF-3EAF-4524-9781-87E7F0A46CCE}.Debug|Any CPU.ActiveCfg = Debug|Any CPU
		{7F0125EF-3EAF-4524-9781-87E7F0A46CCE}.Debug|Any CPU.Build.0 = Debug|Any CPU
		{7F0125EF-3EAF-4524-9781-87E7F0A46CCE}.Release|Any CPU.ActiveCfg = Release|Any CPU
		{7F0125EF-3EAF-4524-9781-87E7F0A46CCE}.Release|Any CPU.Build.0 = Release|Any CPU
		{06002DB2-362B-4D7E-AD6C-30EE94C26BB1}.Debug|Any CPU.ActiveCfg = Debug|Any CPU
		{06002DB2-362B-4D7E-AD6C-30EE94C26BB1}.Debug|Any CPU.Build.0 = Debug|Any CPU
		{06002DB2-362B-4D7E-AD6C-30EE94C26BB1}.Release|Any CPU.ActiveCfg = Release|Any CPU
		{06002DB2-362B-4D7E-AD6C-30EE94C26BB1}.Release|Any CPU.Build.0 = Release|Any CPU
		{4EC5B5E6-3A73-41DF-828B-9B0D989E270F}.Debug|Any CPU.ActiveCfg = Debug|Any CPU
		{4EC5B5E6-3A73-41DF-828B-9B0D989E270F}.Debug|Any CPU.Build.0 = Debug|Any CPU
		{4EC5B5E6-3A73-41DF-828B-9B0D989E270F}.Release|Any CPU.ActiveCfg = Release|Any CPU
		{4EC5B5E6-3A73-41DF-828B-9B0D989E270F}.Release|Any CPU.Build.0 = Release|Any CPU
		{752DA822-322E-45BC-828A-1DA6E940EE01}.Debug|Any CPU.ActiveCfg = Debug|Any CPU
		{752DA822-322E-45BC-828A-1DA6E940EE01}.Debug|Any CPU.Build.0 = Debug|Any CPU
		{752DA822-322E-45BC-828A-1DA6E940EE01}.Release|Any CPU.ActiveCfg = Release|Any CPU
		{752DA822-322E-45BC-828A-1DA6E940EE01}.Release|Any CPU.Build.0 = Release|Any CPU
		{2DD9B2C6-322F-4433-8C63-4F01D43F845A}.Debug|Any CPU.ActiveCfg = Debug|Any CPU
		{2DD9B2C6-322F-4433-8C63-4F01D43F845A}.Debug|Any CPU.Build.0 = Debug|Any CPU
		{2DD9B2C6-322F-4433-8C63-4F01D43F845A}.Release|Any CPU.ActiveCfg = Release|Any CPU
		{2DD9B2C6-322F-4433-8C63-4F01D43F845A}.Release|Any CPU.Build.0 = Release|Any CPU
		{43A9DAED-AED1-4A45-9439-C2E91BC06401}.Debug|Any CPU.ActiveCfg = Debug|Any CPU
		{43A9DAED-AED1-4A45-9439-C2E91BC06401}.Debug|Any CPU.Build.0 = Debug|Any CPU
		{43A9DAED-AED1-4A45-9439-C2E91BC06401}.Release|Any CPU.ActiveCfg = Release|Any CPU
		{43A9DAED-AED1-4A45-9439-C2E91BC06401}.Release|Any CPU.Build.0 = Release|Any CPU
		{2507C689-0421-4E75-B978-F5ECAE5A858C}.Debug|Any CPU.ActiveCfg = Debug|Any CPU
		{2507C689-0421-4E75-B978-F5ECAE5A858C}.Debug|Any CPU.Build.0 = Debug|Any CPU
		{2507C689-0421-4E75-B978-F5ECAE5A858C}.Release|Any CPU.ActiveCfg = Release|Any CPU
		{2507C689-0421-4E75-B978-F5ECAE5A858C}.Release|Any CPU.Build.0 = Release|Any CPU
		{3A448921-636F-42F0-BC15-98E8E499DD85}.Debug|Any CPU.ActiveCfg = Debug|Any CPU
		{3A448921-636F-42F0-BC15-98E8E499DD85}.Debug|Any CPU.Build.0 = Debug|Any CPU
		{3A448921-636F-42F0-BC15-98E8E499DD85}.Release|Any CPU.ActiveCfg = Release|Any CPU
		{3A448921-636F-42F0-BC15-98E8E499DD85}.Release|Any CPU.Build.0 = Release|Any CPU
		{F242464A-546A-42F2-81EA-D216A6723355}.Debug|Any CPU.ActiveCfg = Debug|Any CPU
		{F242464A-546A-42F2-81EA-D216A6723355}.Debug|Any CPU.Build.0 = Debug|Any CPU
		{F242464A-546A-42F2-81EA-D216A6723355}.Release|Any CPU.ActiveCfg = Release|Any CPU
		{F242464A-546A-42F2-81EA-D216A6723355}.Release|Any CPU.Build.0 = Release|Any CPU
		{6A6842C0-12FE-4DBA-BC66-601083C67B5E}.Debug|Any CPU.ActiveCfg = Debug|Any CPU
		{6A6842C0-12FE-4DBA-BC66-601083C67B5E}.Debug|Any CPU.Build.0 = Debug|Any CPU
		{6A6842C0-12FE-4DBA-BC66-601083C67B5E}.Release|Any CPU.ActiveCfg = Release|Any CPU
		{6A6842C0-12FE-4DBA-BC66-601083C67B5E}.Release|Any CPU.Build.0 = Release|Any CPU
		{5B71F040-0CB7-40C4-83C4-5D2D5E2AD4F5}.Debug|Any CPU.ActiveCfg = Debug|Any CPU
		{5B71F040-0CB7-40C4-83C4-5D2D5E2AD4F5}.Debug|Any CPU.Build.0 = Debug|Any CPU
		{5B71F040-0CB7-40C4-83C4-5D2D5E2AD4F5}.Release|Any CPU.ActiveCfg = Release|Any CPU
		{5B71F040-0CB7-40C4-83C4-5D2D5E2AD4F5}.Release|Any CPU.Build.0 = Release|Any CPU
		{F9FE5E81-53CF-4328-A802-FAD03FB4C467}.Debug|Any CPU.ActiveCfg = Debug|Any CPU
		{F9FE5E81-53CF-4328-A802-FAD03FB4C467}.Debug|Any CPU.Build.0 = Debug|Any CPU
		{F9FE5E81-53CF-4328-A802-FAD03FB4C467}.Release|Any CPU.ActiveCfg = Release|Any CPU
		{F9FE5E81-53CF-4328-A802-FAD03FB4C467}.Release|Any CPU.Build.0 = Release|Any CPU
		{C2512D56-7373-42E2-9E6A-B261B0E538CA}.Debug|Any CPU.ActiveCfg = Debug|Any CPU
		{C2512D56-7373-42E2-9E6A-B261B0E538CA}.Debug|Any CPU.Build.0 = Debug|Any CPU
		{C2512D56-7373-42E2-9E6A-B261B0E538CA}.Release|Any CPU.ActiveCfg = Release|Any CPU
		{C2512D56-7373-42E2-9E6A-B261B0E538CA}.Release|Any CPU.Build.0 = Release|Any CPU
		{E85F1D4E-C348-4082-ACD2-C092526AFF14}.Debug|Any CPU.ActiveCfg = Debug|Any CPU
		{E85F1D4E-C348-4082-ACD2-C092526AFF14}.Debug|Any CPU.Build.0 = Debug|Any CPU
		{E85F1D4E-C348-4082-ACD2-C092526AFF14}.Release|Any CPU.ActiveCfg = Release|Any CPU
		{E85F1D4E-C348-4082-ACD2-C092526AFF14}.Release|Any CPU.Build.0 = Release|Any CPU
		{5E675C3C-F758-440E-BA0D-DF17AADF78B6}.Debug|Any CPU.ActiveCfg = Debug|Any CPU
		{5E675C3C-F758-440E-BA0D-DF17AADF78B6}.Debug|Any CPU.Build.0 = Debug|Any CPU
		{5E675C3C-F758-440E-BA0D-DF17AADF78B6}.Release|Any CPU.ActiveCfg = Release|Any CPU
		{5E675C3C-F758-440E-BA0D-DF17AADF78B6}.Release|Any CPU.Build.0 = Release|Any CPU
		{347C0246-74EB-4C67-B422-5906C208F828}.Debug|Any CPU.ActiveCfg = Debug|Any CPU
		{347C0246-74EB-4C67-B422-5906C208F828}.Debug|Any CPU.Build.0 = Debug|Any CPU
		{347C0246-74EB-4C67-B422-5906C208F828}.Release|Any CPU.ActiveCfg = Release|Any CPU
		{347C0246-74EB-4C67-B422-5906C208F828}.Release|Any CPU.Build.0 = Release|Any CPU
		{4638D98A-F0BF-46CC-A7F6-C3A895478C3D}.Debug|Any CPU.ActiveCfg = Debug|Any CPU
		{4638D98A-F0BF-46CC-A7F6-C3A895478C3D}.Debug|Any CPU.Build.0 = Debug|Any CPU
		{4638D98A-F0BF-46CC-A7F6-C3A895478C3D}.Release|Any CPU.ActiveCfg = Release|Any CPU
		{4638D98A-F0BF-46CC-A7F6-C3A895478C3D}.Release|Any CPU.Build.0 = Release|Any CPU
	EndGlobalSection
	GlobalSection(SolutionProperties) = preSolution
		HideSolutionNode = FALSE
	EndGlobalSection
	GlobalSection(ExtensibilityGlobals) = postSolution
		SolutionGuid = {9A5AABDF-2215-441F-BDB4-08C3F5EF78BC}
	EndGlobalSection
EndGlobal
